
Microsoft Visual Studio Solution File, Format Version 12.00
# Visual Studio 15
VisualStudioVersion = 15.0.27130.2036
MinimumVisualStudioVersion = 10.0.40219.1
Project("{FAE04EC0-301F-11D3-BF4B-00C04F79EFBC}") = "Anthill.UI", "Anthill.UI\Anthill.UI.csproj", "{65C4A586-237F-4DB8-8317-AAC0D03A3B48}"
EndProject
Project("{FAE04EC0-301F-11D3-BF4B-00C04F79EFBC}") = "Anthill.BLL", "Anthill.BLL\Anthill.BLL.csproj", "{827BE711-5E71-48FE-B2A2-2D46209DD5EB}"
EndProject
Project("{FAE04EC0-301F-11D3-BF4B-00C04F79EFBC}") = "Anthill.DAL", "Anthill.DAL\Anthill.DAL.csproj", "{570BD9C5-4774-4BF4-96D6-4347195F1CA4}"
EndProject
Project("{FAE04EC0-301F-11D3-BF4B-00C04F79EFBC}") = "Anthill.Models", "Anthill.Models\Anthill.Models.csproj", "{BB4C210D-1904-447D-A04A-C0C75A05931D}"
EndProject
Global
	GlobalSection(SolutionConfigurationPlatforms) = preSolution
		Debug|Any CPU = Debug|Any CPU
		Release|Any CPU = Release|Any CPU
	EndGlobalSection
	GlobalSection(ProjectConfigurationPlatforms) = postSolution
		{65C4A586-237F-4DB8-8317-AAC0D03A3B48}.Debug|Any CPU.ActiveCfg = Debug|Any CPU
		{65C4A586-237F-4DB8-8317-AAC0D03A3B48}.Debug|Any CPU.Build.0 = Debug|Any CPU
		{65C4A586-237F-4DB8-8317-AAC0D03A3B48}.Release|Any CPU.ActiveCfg = Release|Any CPU
		{65C4A586-237F-4DB8-8317-AAC0D03A3B48}.Release|Any CPU.Build.0 = Release|Any CPU
		{827BE711-5E71-48FE-B2A2-2D46209DD5EB}.Debug|Any CPU.ActiveCfg = Debug|Any CPU
		{827BE711-5E71-48FE-B2A2-2D46209DD5EB}.Debug|Any CPU.Build.0 = Debug|Any CPU
		{827BE711-5E71-48FE-B2A2-2D46209DD5EB}.Release|Any CPU.ActiveCfg = Release|Any CPU
		{827BE711-5E71-48FE-B2A2-2D46209DD5EB}.Release|Any CPU.Build.0 = Release|Any CPU
		{570BD9C5-4774-4BF4-96D6-4347195F1CA4}.Debug|Any CPU.ActiveCfg = Debug|Any CPU
		{570BD9C5-4774-4BF4-96D6-4347195F1CA4}.Debug|Any CPU.Build.0 = Debug|Any CPU
		{570BD9C5-4774-4BF4-96D6-4347195F1CA4}.Release|Any CPU.ActiveCfg = Release|Any CPU
		{570BD9C5-4774-4BF4-96D6-4347195F1CA4}.Release|Any CPU.Build.0 = Release|Any CPU
		{BB4C210D-1904-447D-A04A-C0C75A05931D}.Debug|Any CPU.ActiveCfg = Debug|Any CPU
		{BB4C210D-1904-447D-A04A-C0C75A05931D}.Debug|Any CPU.Build.0 = Debug|Any CPU
		{BB4C210D-1904-447D-A04A-C0C75A05931D}.Release|Any CPU.ActiveCfg = Release|Any CPU
		{BB4C210D-1904-447D-A04A-C0C75A05931D}.Release|Any CPU.Build.0 = Release|Any CPU
	EndGlobalSection
	GlobalSection(SolutionProperties) = preSolution
		HideSolutionNode = FALSE
	EndGlobalSection
	GlobalSection(ExtensibilityGlobals) = postSolution
		SolutionGuid = {AE5F9646-830B-4779-B193-D5A507536813}
	EndGlobalSection
EndGlobal
